
Microsoft Visual Studio Solution File, Format Version 12.00
# Visual Studio Version 17
VisualStudioVersion = 17.10.34916.146
MinimumVisualStudioVersion = 10.0.40219.1
Project("{FAE04EC0-301F-11D3-BF4B-00C04F79EFBC}") = "EVEClient.NET.Identity", "EVEClient.NET.Identity\EVEClient.NET.Identity.csproj", "{A14825BE-362F-4996-9522-E2177C293152}"
EndProject
Global
	GlobalSection(SolutionConfigurationPlatforms) = preSolution
		Debug|Any CPU = Debug|Any CPU
		Release|Any CPU = Release|Any CPU
	EndGlobalSection
	GlobalSection(ProjectConfigurationPlatforms) = postSolution
		{A14825BE-362F-4996-9522-E2177C293152}.Debug|Any CPU.ActiveCfg = Debug|Any CPU
		{A14825BE-362F-4996-9522-E2177C293152}.Debug|Any CPU.Build.0 = Debug|Any CPU
		{A14825BE-362F-4996-9522-E2177C293152}.Release|Any CPU.ActiveCfg = Release|Any CPU
		{A14825BE-362F-4996-9522-E2177C293152}.Release|Any CPU.Build.0 = Release|Any CPU
	EndGlobalSection
	GlobalSection(SolutionProperties) = preSolution
		HideSolutionNode = FALSE
	EndGlobalSection
	GlobalSection(ExtensibilityGlobals) = postSolution
		SolutionGuid = {8D11D04A-AC10-4B67-B334-3111329B8FB2}
	EndGlobalSection
EndGlobal
